# THIS IS AN AUTOGENERATED FILE. DO NOT EDIT THIS FILE DIRECTLY.
# yarn lockfile v1


rete-react-render-plugin@^0.2.1:
  version "0.2.1"
  resolved "https://registry.yarnpkg.com/rete-react-render-plugin/-/rete-react-render-plugin-0.2.1.tgz#71a6d73f18f850b85262563f678b40080a7b0e32"
  integrity sha512-2ZMXUP0v+EiejHVMqdrOmUwyDBHC2UDOJ/pFkElaZL1Kn/E40JZA5yzdBXi6ajYZI2DCzoW5ZBcA2Ihjtur8MQ==
